
Microsoft Visual Studio Solution File, Format Version 12.00
# Visual Studio 2012
Project("{8BC9CEB8-8B4A-11D0-8D11-00A0C91BC942}") = "Problem 010 - Sum of Prime Numbers", "Problem 010 - Sum of Prime Numbers\Problem 010 - Sum of Prime Numbers.vcxproj", "{DACB6296-D4F7-4951-B9E6-0DF5E120D17D}"
EndProject
Global
	GlobalSection(SolutionConfigurationPlatforms) = preSolution
		Debug|Win32 = Debug|Win32
		Release|Win32 = Release|Win32
	EndGlobalSection
	GlobalSection(ProjectConfigurationPlatforms) = postSolution
		{DACB6296-D4F7-4951-B9E6-0DF5E120D17D}.Debug|Win32.ActiveCfg = Debug|Win32
		{DACB6296-D4F7-4951-B9E6-0DF5E120D17D}.Debug|Win32.Build.0 = Debug|Win32
		{DACB6296-D4F7-4951-B9E6-0DF5E120D17D}.Release|Win32.ActiveCfg = Release|Win32
		{DACB6296-D4F7-4951-B9E6-0DF5E120D17D}.Release|Win32.Build.0 = Release|Win32
	EndGlobalSection
	GlobalSection(SolutionProperties) = preSolution
		HideSolutionNode = FALSE
	EndGlobalSection
EndGlobal
