
Microsoft Visual Studio Solution File, Format Version 11.00
# Visual Studio 2010
Project("{FAE04EC0-301F-11D3-BF4B-00C04F79EFBC}") = "Largest Product", "Largest Product\Largest Product.csproj", "{77C4DE2D-E54C-4D34-9C5B-B0E3A9990105}"
EndProject
Global
	GlobalSection(SolutionConfigurationPlatforms) = preSolution
		Debug|x86 = Debug|x86
		Release|x86 = Release|x86
	EndGlobalSection
	GlobalSection(ProjectConfigurationPlatforms) = postSolution
		{77C4DE2D-E54C-4D34-9C5B-B0E3A9990105}.Debug|x86.ActiveCfg = Debug|x86
		{77C4DE2D-E54C-4D34-9C5B-B0E3A9990105}.Debug|x86.Build.0 = Debug|x86
		{77C4DE2D-E54C-4D34-9C5B-B0E3A9990105}.Release|x86.ActiveCfg = Release|x86
		{77C4DE2D-E54C-4D34-9C5B-B0E3A9990105}.Release|x86.Build.0 = Release|x86
	EndGlobalSection
	GlobalSection(SolutionProperties) = preSolution
		HideSolutionNode = FALSE
	EndGlobalSection
EndGlobal
