
Microsoft Visual Studio Solution File, Format Version 12.00
# Visual Studio 2012
Project("{FAE04EC0-301F-11D3-BF4B-00C04F79EFBC}") = "Fibonacci", "Fibonacci\Fibonacci.csproj", "{BAB1E1A3-B102-4662-A4E5-2D3F9836785E}"
EndProject
Global
	GlobalSection(SolutionConfigurationPlatforms) = preSolution
		Debug|Any CPU = Debug|Any CPU
		Release|Any CPU = Release|Any CPU
	EndGlobalSection
	GlobalSection(ProjectConfigurationPlatforms) = postSolution
		{BAB1E1A3-B102-4662-A4E5-2D3F9836785E}.Debug|Any CPU.ActiveCfg = Debug|Any CPU
		{BAB1E1A3-B102-4662-A4E5-2D3F9836785E}.Debug|Any CPU.Build.0 = Debug|Any CPU
		{BAB1E1A3-B102-4662-A4E5-2D3F9836785E}.Release|Any CPU.ActiveCfg = Release|Any CPU
		{BAB1E1A3-B102-4662-A4E5-2D3F9836785E}.Release|Any CPU.Build.0 = Release|Any CPU
	EndGlobalSection
	GlobalSection(SolutionProperties) = preSolution
		HideSolutionNode = FALSE
	EndGlobalSection
EndGlobal
