
Microsoft Visual Studio Solution File, Format Version 11.00
# Visual Studio 2010
Project("{FAE04EC0-301F-11D3-BF4B-00C04F79EFBC}") = "Largest Prime Factor", "Largest Prime Factor\Largest Prime Factor.csproj", "{9B8E6A11-BE80-4C0A-A3DE-B46561C8AF07}"
EndProject
Global
	GlobalSection(SolutionConfigurationPlatforms) = preSolution
		Debug|x86 = Debug|x86
		Release|x86 = Release|x86
	EndGlobalSection
	GlobalSection(ProjectConfigurationPlatforms) = postSolution
		{9B8E6A11-BE80-4C0A-A3DE-B46561C8AF07}.Debug|x86.ActiveCfg = Debug|x86
		{9B8E6A11-BE80-4C0A-A3DE-B46561C8AF07}.Debug|x86.Build.0 = Debug|x86
		{9B8E6A11-BE80-4C0A-A3DE-B46561C8AF07}.Release|x86.ActiveCfg = Release|x86
		{9B8E6A11-BE80-4C0A-A3DE-B46561C8AF07}.Release|x86.Build.0 = Release|x86
	EndGlobalSection
	GlobalSection(SolutionProperties) = preSolution
		HideSolutionNode = FALSE
	EndGlobalSection
EndGlobal
