
Microsoft Visual Studio Solution File, Format Version 12.00
# Visual Studio 2012
Project("{8BC9CEB8-8B4A-11D0-8D11-00A0C91BC942}") = "Problem 011 - Largest Product in a Grid", "Problem 011 - Largest Product in a Grid\Problem 011 - Largest Product in a Grid.vcxproj", "{E433AD5A-E497-456C-96BC-C802D27FA4E6}"
EndProject
Global
	GlobalSection(SolutionConfigurationPlatforms) = preSolution
		Debug|Win32 = Debug|Win32
		Release|Win32 = Release|Win32
	EndGlobalSection
	GlobalSection(ProjectConfigurationPlatforms) = postSolution
		{E433AD5A-E497-456C-96BC-C802D27FA4E6}.Debug|Win32.ActiveCfg = Debug|Win32
		{E433AD5A-E497-456C-96BC-C802D27FA4E6}.Debug|Win32.Build.0 = Debug|Win32
		{E433AD5A-E497-456C-96BC-C802D27FA4E6}.Release|Win32.ActiveCfg = Release|Win32
		{E433AD5A-E497-456C-96BC-C802D27FA4E6}.Release|Win32.Build.0 = Release|Win32
	EndGlobalSection
	GlobalSection(SolutionProperties) = preSolution
		HideSolutionNode = FALSE
	EndGlobalSection
EndGlobal
